
Microsoft Visual Studio Solution File, Format Version 12.00
Project("{FAE04EC0-301F-11D3-BF4B-00C04F79EFBC}") = "notile.cs", "notile.cs\notile.cs.csproj", "{6BBB32DD-1BF4-4E27-8E3D-E4787ADDBBB7}"
EndProject
Project("{FAE04EC0-301F-11D3-BF4B-00C04F79EFBC}") = "Tests", "Tests\Tests.csproj", "{D764DBFB-D735-45B2-A7E0-95A3E07DACE2}"
EndProject
Global
	GlobalSection(SolutionConfigurationPlatforms) = preSolution
		Debug|Any CPU = Debug|Any CPU
		Release|Any CPU = Release|Any CPU
	EndGlobalSection
	GlobalSection(ProjectConfigurationPlatforms) = postSolution
		{6BBB32DD-1BF4-4E27-8E3D-E4787ADDBBB7}.Debug|Any CPU.ActiveCfg = Debug|Any CPU
		{6BBB32DD-1BF4-4E27-8E3D-E4787ADDBBB7}.Debug|Any CPU.Build.0 = Debug|Any CPU
		{6BBB32DD-1BF4-4E27-8E3D-E4787ADDBBB7}.Release|Any CPU.ActiveCfg = Release|Any CPU
		{6BBB32DD-1BF4-4E27-8E3D-E4787ADDBBB7}.Release|Any CPU.Build.0 = Release|Any CPU
		{D764DBFB-D735-45B2-A7E0-95A3E07DACE2}.Debug|Any CPU.ActiveCfg = Debug|Any CPU
		{D764DBFB-D735-45B2-A7E0-95A3E07DACE2}.Debug|Any CPU.Build.0 = Debug|Any CPU
		{D764DBFB-D735-45B2-A7E0-95A3E07DACE2}.Release|Any CPU.ActiveCfg = Release|Any CPU
		{D764DBFB-D735-45B2-A7E0-95A3E07DACE2}.Release|Any CPU.Build.0 = Release|Any CPU
	EndGlobalSection
EndGlobal
